concat:
  cmd: python stages/concat.py
  deps:
  - path: data/initial_features/
    md5: 679eb84ea41c68eb569ba423abb985c3.dir
    size: 407845450
    nfiles: 6
  - path: stages/concat.py
    md5: a2a96aab52da894f3f32ce466ae96bbc
    size: 706
  params:
    params.yaml:
      development: true
  outs:
  - path: data/concatenated_battery_profile.csv
    md5: 6f712a198164758807f284642163850a
    size: 3929790
smooth:
  cmd: python stages/smooth.py
  deps:
  - path: data/concatenated_battery_profile.csv
    md5: 6f712a198164758807f284642163850a
    size: 3929790
  - path: stages/smooth.py
    md5: ea146fa5992728784f2258d566555e91
    size: 759
  params:
    params.yaml:
      smoothing:
        window: 601
        polyorder: 3
        wrap_mode: nearest
  outs:
  - path: data/current.csv
    md5: 34fc378f25db15163a8025109c960549
    size: 3473471
  - path: data/temperature.csv
    md5: 9f1523e28de5c3528a8e866675abf0bd
    size: 2302431
  - path: data/voltage.csv
    md5: 438d16488db49b51c03fc28de09c56b2
    size: 4208939
