concat:
  cmd: python stages/concat.py
  deps:
  - path: data/initial_features/
    md5: 679eb84ea41c68eb569ba423abb985c3.dir
    size: 407845450
    nfiles: 6
  - path: stages/concat.py
    md5: 823f7080405ecd2b23f90c45d7e74656
    size: 273
  outs:
  - path: data/concatenated_battery_profile.csv
    md5: 53d8c67d345c58346187aee474dd23aa
    size: 514580507
